
Microsoft Visual Studio Solution File, Format Version 12.00
# Visual Studio Version 17
VisualStudioVersion = 17.5.002.0
MinimumVisualStudioVersion = 10.0.40219.1
Project("{2150E333-8FDC-42A3-9474-1A3956D46DE8}") = "csharp-prep", "csharp-prep", "{AA47B069-194B-4282-B5CE-2EDEF55842B8}"
EndProject
Project("{9A19103F-16F7-4668-BE54-9A1E7A4F7556}") = "Prep1", "csharp-prep\Prep1\Prep1.csproj", "{AAD98730-AE4D-401D-9DFF-4734C8ABBD89}"
EndProject
Project("{9A19103F-16F7-4668-BE54-9A1E7A4F7556}") = "Prep2", "csharp-prep\Prep2\Prep2.csproj", "{D80CB055-8BBD-41F0-BAAF-2ABAA20990B6}"
EndProject
Project("{9A19103F-16F7-4668-BE54-9A1E7A4F7556}") = "Prep3", "csharp-prep\Prep3\Prep3.csproj", "{0A118A61-923F-4EA7-BA3E-6123310BA152}"
EndProject
Project("{9A19103F-16F7-4668-BE54-9A1E7A4F7556}") = "Prep4", "csharp-prep\Prep4\Prep4.csproj", "{431FF7DC-A596-4FE4-B98F-5D61734BEB5A}"
EndProject
Project("{9A19103F-16F7-4668-BE54-9A1E7A4F7556}") = "Prep5", "csharp-prep\Prep5\Prep5.csproj", "{5CB69A45-5ED5-4E0F-A5B0-BD76FBFB1104}"
EndProject
Project("{2150E333-8FDC-42A3-9474-1A3956D46DE8}") = "final", "final", "{A0294849-D4F1-43FB-AF84-63A055BF1FAB}"
EndProject
Project("{9A19103F-16F7-4668-BE54-9A1E7A4F7556}") = "FinalProject", "final\FinalProject\FinalProject.csproj", "{48445C5D-A3D4-4081-8BD2-7FB7E8CE4D1C}"
EndProject
Project("{9A19103F-16F7-4668-BE54-9A1E7A4F7556}") = "Foundation1", "final\Foundation1\Foundation1.csproj", "{F0D7B1FC-007D-472B-B646-2D8FAA7A4233}"
EndProject
Project("{9A19103F-16F7-4668-BE54-9A1E7A4F7556}") = "Foundation2", "final\Foundation2\Foundation2.csproj", "{EA101DA4-ED06-4F78-A221-8F5ECB975131}"
EndProject
Project("{9A19103F-16F7-4668-BE54-9A1E7A4F7556}") = "Foundation3", "final\Foundation3\Foundation3.csproj", "{14D56D79-BDFB-40BA-8E91-E36B43160D48}"
EndProject
Project("{9A19103F-16F7-4668-BE54-9A1E7A4F7556}") = "Foundation4", "final\Foundation4\Foundation4.csproj", "{442A262C-C72F-4A7A-A389-60A2522D0403}"
EndProject
Project("{2150E333-8FDC-42A3-9474-1A3956D46DE8}") = "prepare", "prepare", "{692B0384-44B0-455C-8FC3-BBB4B22715AD}"
EndProject
Project("{9A19103F-16F7-4668-BE54-9A1E7A4F7556}") = "Learning02", "prepare\Learning02\Learning02.csproj", "{2112CF95-343E-4349-A400-FC9617928638}"
EndProject
Project("{9A19103F-16F7-4668-BE54-9A1E7A4F7556}") = "Learning03", "prepare\Learning03\Learning03.csproj", "{6B03B4A0-A20D-4FCB-88C2-484C6C5B4A69}"
EndProject
Project("{9A19103F-16F7-4668-BE54-9A1E7A4F7556}") = "Learning04", "prepare\Learning04\Learning04.csproj", "{EC173EF7-98A8-4DBE-8D1F-C914B7E02FD5}"
EndProject
Project("{9A19103F-16F7-4668-BE54-9A1E7A4F7556}") = "Learning05", "prepare\Learning05\Learning05.csproj", "{7D2D70F5-2648-45E4-996B-2EFEA96F7312}"
EndProject
Project("{2150E333-8FDC-42A3-9474-1A3956D46DE8}") = "prove", "prove", "{84AD643F-9EC0-432F-A6D6-501EC142E708}"
EndProject
Project("{9A19103F-16F7-4668-BE54-9A1E7A4F7556}") = "Develop02", "prove\Develop02\Develop02.csproj", "{D475B378-1217-41B8-9B52-15B92A111D67}"
EndProject
Project("{9A19103F-16F7-4668-BE54-9A1E7A4F7556}") = "Develop03", "prove\Develop03\Develop03.csproj", "{DFD04DCA-121E-4979-B4A1-4796931B7D61}"
EndProject
Project("{9A19103F-16F7-4668-BE54-9A1E7A4F7556}") = "Develop04", "prove\Develop04\Develop04.csproj", "{8CF53D34-D3F2-4931-8143-78B48D641FF6}"
EndProject
Project("{9A19103F-16F7-4668-BE54-9A1E7A4F7556}") = "Develop05", "prove\Develop05\Develop05.csproj", "{347CCE9E-DE7B-4CC6-AE7B-9B3E1F778ED4}"
EndProject
Project("{2150E333-8FDC-42A3-9474-1A3956D46DE8}") = "sandbox", "sandbox", "{B81EBECD-762D-4E85-A35B-B434A7B9F35E}"
EndProject
Project("{9A19103F-16F7-4668-BE54-9A1E7A4F7556}") = "Sandbox", "sandbox\Sandbox\Sandbox.csproj", "{B3B65F51-BACD-4001-9A87-A977A17CF073}"
EndProject
Global
	GlobalSection(SolutionConfigurationPlatforms) = preSolution
		Debug|Any CPU = Debug|Any CPU
		Release|Any CPU = Release|Any CPU
	EndGlobalSection
	GlobalSection(ProjectConfigurationPlatforms) = postSolution
		{AAD98730-AE4D-401D-9DFF-4734C8ABBD89}.Debug|Any CPU.ActiveCfg = Debug|Any CPU
		{AAD98730-AE4D-401D-9DFF-4734C8ABBD89}.Debug|Any CPU.Build.0 = Debug|Any CPU
		{AAD98730-AE4D-401D-9DFF-4734C8ABBD89}.Release|Any CPU.ActiveCfg = Release|Any CPU
		{AAD98730-AE4D-401D-9DFF-4734C8ABBD89}.Release|Any CPU.Build.0 = Release|Any CPU
		{D80CB055-8BBD-41F0-BAAF-2ABAA20990B6}.Debug|Any CPU.ActiveCfg = Debug|Any CPU
		{D80CB055-8BBD-41F0-BAAF-2ABAA20990B6}.Debug|Any CPU.Build.0 = Debug|Any CPU
		{D80CB055-8BBD-41F0-BAAF-2ABAA20990B6}.Release|Any CPU.ActiveCfg = Release|Any CPU
		{D80CB055-8BBD-41F0-BAAF-2ABAA20990B6}.Release|Any CPU.Build.0 = Release|Any CPU
		{0A118A61-923F-4EA7-BA3E-6123310BA152}.Debug|Any CPU.ActiveCfg = Debug|Any CPU
		{0A118A61-923F-4EA7-BA3E-6123310BA152}.Debug|Any CPU.Build.0 = Debug|Any CPU
		{0A118A61-923F-4EA7-BA3E-6123310BA152}.Release|Any CPU.ActiveCfg = Release|Any CPU
		{0A118A61-923F-4EA7-BA3E-6123310BA152}.Release|Any CPU.Build.0 = Release|Any CPU
		{431FF7DC-A596-4FE4-B98F-5D61734BEB5A}.Debug|Any CPU.ActiveCfg = Debug|Any CPU
		{431FF7DC-A596-4FE4-B98F-5D61734BEB5A}.Debug|Any CPU.Build.0 = Debug|Any CPU
		{431FF7DC-A596-4FE4-B98F-5D61734BEB5A}.Release|Any CPU.ActiveCfg = Release|Any CPU
		{431FF7DC-A596-4FE4-B98F-5D61734BEB5A}.Release|Any CPU.Build.0 = Release|Any CPU
		{5CB69A45-5ED5-4E0F-A5B0-BD76FBFB1104}.Debug|Any CPU.ActiveCfg = Debug|Any CPU
		{5CB69A45-5ED5-4E0F-A5B0-BD76FBFB1104}.Debug|Any CPU.Build.0 = Debug|Any CPU
		{5CB69A45-5ED5-4E0F-A5B0-BD76FBFB1104}.Release|Any CPU.ActiveCfg = Release|Any CPU
		{5CB69A45-5ED5-4E0F-A5B0-BD76FBFB1104}.Release|Any CPU.Build.0 = Release|Any CPU
		{48445C5D-A3D4-4081-8BD2-7FB7E8CE4D1C}.Debug|Any CPU.ActiveCfg = Debug|Any CPU
		{48445C5D-A3D4-4081-8BD2-7FB7E8CE4D1C}.Debug|Any CPU.Build.0 = Debug|Any CPU
		{48445C5D-A3D4-4081-8BD2-7FB7E8CE4D1C}.Release|Any CPU.ActiveCfg = Release|Any CPU
		{48445C5D-A3D4-4081-8BD2-7FB7E8CE4D1C}.Release|Any CPU.Build.0 = Release|Any CPU
		{F0D7B1FC-007D-472B-B646-2D8FAA7A4233}.Debug|Any CPU.ActiveCfg = Debug|Any CPU
		{F0D7B1FC-007D-472B-B646-2D8FAA7A4233}.Debug|Any CPU.Build.0 = Debug|Any CPU
		{F0D7B1FC-007D-472B-B646-2D8FAA7A4233}.Release|Any CPU.ActiveCfg = Release|Any CPU
		{F0D7B1FC-007D-472B-B646-2D8FAA7A4233}.Release|Any CPU.Build.0 = Release|Any CPU
		{EA101DA4-ED06-4F78-A221-8F5ECB975131}.Debug|Any CPU.ActiveCfg = Debug|Any CPU
		{EA101DA4-ED06-4F78-A221-8F5ECB975131}.Debug|Any CPU.Build.0 = Debug|Any CPU
		{EA101DA4-ED06-4F78-A221-8F5ECB975131}.Release|Any CPU.ActiveCfg = Release|Any CPU
		{EA101DA4-ED06-4F78-A221-8F5ECB975131}.Release|Any CPU.Build.0 = Release|Any CPU
		{14D56D79-BDFB-40BA-8E91-E36B43160D48}.Debug|Any CPU.ActiveCfg = Debug|Any CPU
		{14D56D79-BDFB-40BA-8E91-E36B43160D48}.Debug|Any CPU.Build.0 = Debug|Any CPU
		{14D56D79-BDFB-40BA-8E91-E36B43160D48}.Release|Any CPU.ActiveCfg = Release|Any CPU
		{14D56D79-BDFB-40BA-8E91-E36B43160D48}.Release|Any CPU.Build.0 = Release|Any CPU
		{442A262C-C72F-4A7A-A389-60A2522D0403}.Debug|Any CPU.ActiveCfg = Debug|Any CPU
		{442A262C-C72F-4A7A-A389-60A2522D0403}.Debug|Any CPU.Build.0 = Debug|Any CPU
		{442A262C-C72F-4A7A-A389-60A2522D0403}.Release|Any CPU.ActiveCfg = Release|Any CPU
		{442A262C-C72F-4A7A-A389-60A2522D0403}.Release|Any CPU.Build.0 = Release|Any CPU
		{2112CF95-343E-4349-A400-FC9617928638}.Debug|Any CPU.ActiveCfg = Debug|Any CPU
		{2112CF95-343E-4349-A400-FC9617928638}.Debug|Any CPU.Build.0 = Debug|Any CPU
		{2112CF95-343E-4349-A400-FC9617928638}.Release|Any CPU.ActiveCfg = Release|Any CPU
		{2112CF95-343E-4349-A400-FC9617928638}.Release|Any CPU.Build.0 = Release|Any CPU
		{6B03B4A0-A20D-4FCB-88C2-484C6C5B4A69}.Debug|Any CPU.ActiveCfg = Debug|Any CPU
		{6B03B4A0-A20D-4FCB-88C2-484C6C5B4A69}.Debug|Any CPU.Build.0 = Debug|Any CPU
		{6B03B4A0-A20D-4FCB-88C2-484C6C5B4A69}.Release|Any CPU.ActiveCfg = Release|Any CPU
		{6B03B4A0-A20D-4FCB-88C2-484C6C5B4A69}.Release|Any CPU.Build.0 = Release|Any CPU
		{EC173EF7-98A8-4DBE-8D1F-C914B7E02FD5}.Debug|Any CPU.ActiveCfg = Debug|Any CPU
		{EC173EF7-98A8-4DBE-8D1F-C914B7E02FD5}.Debug|Any CPU.Build.0 = Debug|Any CPU
		{EC173EF7-98A8-4DBE-8D1F-C914B7E02FD5}.Release|Any CPU.ActiveCfg = Release|Any CPU
		{EC173EF7-98A8-4DBE-8D1F-C914B7E02FD5}.Release|Any CPU.Build.0 = Release|Any CPU
		{7D2D70F5-2648-45E4-996B-2EFEA96F7312}.Debug|Any CPU.ActiveCfg = Debug|Any CPU
		{7D2D70F5-2648-45E4-996B-2EFEA96F7312}.Debug|Any CPU.Build.0 = Debug|Any CPU
		{7D2D70F5-2648-45E4-996B-2EFEA96F7312}.Release|Any CPU.ActiveCfg = Release|Any CPU
		{7D2D70F5-2648-45E4-996B-2EFEA96F7312}.Release|Any CPU.Build.0 = Release|Any CPU
		{D475B378-1217-41B8-9B52-15B92A111D67}.Debug|Any CPU.ActiveCfg = Debug|Any CPU
		{D475B378-1217-41B8-9B52-15B92A111D67}.Debug|Any CPU.Build.0 = Debug|Any CPU
		{D475B378-1217-41B8-9B52-15B92A111D67}.Release|Any CPU.ActiveCfg = Release|Any CPU
		{D475B378-1217-41B8-9B52-15B92A111D67}.Release|Any CPU.Build.0 = Release|Any CPU
		{DFD04DCA-121E-4979-B4A1-4796931B7D61}.Debug|Any CPU.ActiveCfg = Debug|Any CPU
		{DFD04DCA-121E-4979-B4A1-4796931B7D61}.Debug|Any CPU.Build.0 = Debug|Any CPU
		{DFD04DCA-121E-4979-B4A1-4796931B7D61}.Release|Any CPU.ActiveCfg = Release|Any CPU
		{DFD04DCA-121E-4979-B4A1-4796931B7D61}.Release|Any CPU.Build.0 = Release|Any CPU
		{8CF53D34-D3F2-4931-8143-78B48D641FF6}.Debug|Any CPU.ActiveCfg = Debug|Any CPU
		{8CF53D34-D3F2-4931-8143-78B48D641FF6}.Debug|Any CPU.Build.0 = Debug|Any CPU
		{8CF53D34-D3F2-4931-8143-78B48D641FF6}.Release|Any CPU.ActiveCfg = Release|Any CPU
		{8CF53D34-D3F2-4931-8143-78B48D641FF6}.Release|Any CPU.Build.0 = Release|Any CPU
		{347CCE9E-DE7B-4CC6-AE7B-9B3E1F778ED4}.Debug|Any CPU.ActiveCfg = Debug|Any CPU
		{347CCE9E-DE7B-4CC6-AE7B-9B3E1F778ED4}.Debug|Any CPU.Build.0 = Debug|Any CPU
		{347CCE9E-DE7B-4CC6-AE7B-9B3E1F778ED4}.Release|Any CPU.ActiveCfg = Release|Any CPU
		{347CCE9E-DE7B-4CC6-AE7B-9B3E1F778ED4}.Release|Any CPU.Build.0 = Release|Any CPU
		{B3B65F51-BACD-4001-9A87-A977A17CF073}.Debug|Any CPU.ActiveCfg = Debug|Any CPU
		{B3B65F51-BACD-4001-9A87-A977A17CF073}.Debug|Any CPU.Build.0 = Debug|Any CPU
		{B3B65F51-BACD-4001-9A87-A977A17CF073}.Release|Any CPU.ActiveCfg = Release|Any CPU
		{B3B65F51-BACD-4001-9A87-A977A17CF073}.Release|Any CPU.Build.0 = Release|Any CPU
	EndGlobalSection
	GlobalSection(SolutionProperties) = preSolution
		HideSolutionNode = FALSE
	EndGlobalSection
	GlobalSection(NestedProjects) = preSolution
		{AAD98730-AE4D-401D-9DFF-4734C8ABBD89} = {AA47B069-194B-4282-B5CE-2EDEF55842B8}
		{D80CB055-8BBD-41F0-BAAF-2ABAA20990B6} = {AA47B069-194B-4282-B5CE-2EDEF55842B8}
		{0A118A61-923F-4EA7-BA3E-6123310BA152} = {AA47B069-194B-4282-B5CE-2EDEF55842B8}
		{431FF7DC-A596-4FE4-B98F-5D61734BEB5A} = {AA47B069-194B-4282-B5CE-2EDEF55842B8}
		{5CB69A45-5ED5-4E0F-A5B0-BD76FBFB1104} = {AA47B069-194B-4282-B5CE-2EDEF55842B8}
		{48445C5D-A3D4-4081-8BD2-7FB7E8CE4D1C} = {A0294849-D4F1-43FB-AF84-63A055BF1FAB}
		{F0D7B1FC-007D-472B-B646-2D8FAA7A4233} = {A0294849-D4F1-43FB-AF84-63A055BF1FAB}
		{EA101DA4-ED06-4F78-A221-8F5ECB975131} = {A0294849-D4F1-43FB-AF84-63A055BF1FAB}
		{14D56D79-BDFB-40BA-8E91-E36B43160D48} = {A0294849-D4F1-43FB-AF84-63A055BF1FAB}
		{442A262C-C72F-4A7A-A389-60A2522D0403} = {A0294849-D4F1-43FB-AF84-63A055BF1FAB}
		{2112CF95-343E-4349-A400-FC9617928638} = {692B0384-44B0-455C-8FC3-BBB4B22715AD}
		{6B03B4A0-A20D-4FCB-88C2-484C6C5B4A69} = {692B0384-44B0-455C-8FC3-BBB4B22715AD}
		{EC173EF7-98A8-4DBE-8D1F-C914B7E02FD5} = {692B0384-44B0-455C-8FC3-BBB4B22715AD}
		{7D2D70F5-2648-45E4-996B-2EFEA96F7312} = {692B0384-44B0-455C-8FC3-BBB4B22715AD}
		{D475B378-1217-41B8-9B52-15B92A111D67} = {84AD643F-9EC0-432F-A6D6-501EC142E708}
		{DFD04DCA-121E-4979-B4A1-4796931B7D61} = {84AD643F-9EC0-432F-A6D6-501EC142E708}
		{8CF53D34-D3F2-4931-8143-78B48D641FF6} = {84AD643F-9EC0-432F-A6D6-501EC142E708}
		{347CCE9E-DE7B-4CC6-AE7B-9B3E1F778ED4} = {84AD643F-9EC0-432F-A6D6-501EC142E708}
		{B3B65F51-BACD-4001-9A87-A977A17CF073} = {B81EBECD-762D-4E85-A35B-B434A7B9F35E}
	EndGlobalSection
	GlobalSection(ExtensibilityGlobals) = postSolution
		SolutionGuid = {08D148C6-DE68-421B-AB55-4E48A38820D6}
	EndGlobalSection
EndGlobal
